// !$*UTF8*$!
{
	archiveVersion = 1;
	classes = {
	};
	objectVersion = 50;
	objects = {

/* Begin PBXBuildFile section */
		537DDAD8DB27D426C87F44D7 /* Pods_ReadbleCodeSample1.framework in Frameworks */ = {isa = PBXBuildFile; fileRef = 21CC29707497DF045F9970EA /* Pods_ReadbleCodeSample1.framework */; };
		614B8E9024E6424400047EBF /* AppDelegate.swift in Sources */ = {isa = PBXBuildFile; fileRef = 614B8E8F24E6424400047EBF /* AppDelegate.swift */; };
		614B8E9224E6424400047EBF /* SceneDelegate.swift in Sources */ = {isa = PBXBuildFile; fileRef = 614B8E9124E6424400047EBF /* SceneDelegate.swift */; };
		614B8E9424E6424400047EBF /* ViewController.swift in Sources */ = {isa = PBXBuildFile; fileRef = 614B8E9324E6424400047EBF /* ViewController.swift */; };
		614B8E9724E6424400047EBF /* Main.storyboard in Resources */ = {isa = PBXBuildFile; fileRef = 614B8E9524E6424400047EBF /* Main.storyboard */; };
		614B8E9924E6424400047EBF /* Assets.xcassets in Resources */ = {isa = PBXBuildFile; fileRef = 614B8E9824E6424400047EBF /* Assets.xcassets */; };
		614B8E9C24E6424400047EBF /* LaunchScreen.storyboard in Resources */ = {isa = PBXBuildFile; fileRef = 614B8E9A24E6424400047EBF /* LaunchScreen.storyboard */; };
		614B8EA424E6486F00047EBF /* AddMemo.swift in Sources */ = {isa = PBXBuildFile; fileRef = 614B8EA324E6486F00047EBF /* AddMemo.swift */; };
		614B8EA624E6487B00047EBF /* EditMemo.swift in Sources */ = {isa = PBXBuildFile; fileRef = 614B8EA524E6487B00047EBF /* EditMemo.swift */; };
		614B8EA824E6488500047EBF /* DisplayMemo.swift in Sources */ = {isa = PBXBuildFile; fileRef = 614B8EA724E6488500047EBF /* DisplayMemo.swift */; };
		614B8EAB24E6BF8A00047EBF /* CustomCell.swift in Sources */ = {isa = PBXBuildFile; fileRef = 614B8EA924E6BF8A00047EBF /* CustomCell.swift */; };
		614B8EAC24E6BF8A00047EBF /* CustomCell.xib in Resources */ = {isa = PBXBuildFile; fileRef = 614B8EAA24E6BF8A00047EBF /* CustomCell.xib */; };
/* End PBXBuildFile section */

/* Begin PBXFileReference section */
		21CC29707497DF045F9970EA /* Pods_ReadbleCodeSample1.framework */ = {isa = PBXFileReference; explicitFileType = wrapper.framework; includeInIndex = 0; path = Pods_ReadbleCodeSample1.framework; sourceTree = BUILT_PRODUCTS_DIR; };
		5EF79BB4EC2430CF9533C7F9 /* Pods-ReadbleCodeSample1.debug.xcconfig */ = {isa = PBXFileReference; includeInIndex = 1; lastKnownFileType = text.xcconfig; name = "Pods-ReadbleCodeSample1.debug.xcconfig"; path = "Target Support Files/Pods-ReadbleCodeSample1/Pods-ReadbleCodeSample1.debug.xcconfig"; sourceTree = "<group>"; };
		614B8E8C24E6424400047EBF /* ReadbleCodeSample1.app */ = {isa = PBXFileReference; explicitFileType = wrapper.application; includeInIndex = 0; path = ReadbleCodeSample1.app; sourceTree = BUILT_PRODUCTS_DIR; };
		614B8E8F24E6424400047EBF /* AppDelegate.swift */ = {isa = PBXFileReference; lastKnownFileType = sourcecode.swift; path = AppDelegate.swift; sourceTree = "<group>"; };
		614B8E9124E6424400047EBF /* SceneDelegate.swift */ = {isa = PBXFileReference; lastKnownFileType = sourcecode.swift; path = SceneDelegate.swift; sourceTree = "<group>"; };
		614B8E9324E6424400047EBF /* ViewController.swift */ = {isa = PBXFileReference; lastKnownFileType = sourcecode.swift; path = ViewController.swift; sourceTree = "<group>"; };
		614B8E9624E6424400047EBF /* Base */ = {isa = PBXFileReference; lastKnownFileType = file.storyboard; name = Base; path = Base.lproj/Main.storyboard; sourceTree = "<group>"; };
		614B8E9824E6424400047EBF /* Assets.xcassets */ = {isa = PBXFileReference; lastKnownFileType = folder.assetcatalog; path = Assets.xcassets; sourceTree = "<group>"; };
		614B8E9B24E6424400047EBF /* Base */ = {isa = PBXFileReference; lastKnownFileType = file.storyboard; name = Base; path = Base.lproj/LaunchScreen.storyboard; sourceTree = "<group>"; };
		614B8E9D24E6424400047EBF /* Info.plist */ = {isa = PBXFileReference; lastKnownFileType = text.plist.xml; path = Info.plist; sourceTree = "<group>"; };
		614B8EA324E6486F00047EBF /* AddMemo.swift */ = {isa = PBXFileReference; lastKnownFileType = sourcecode.swift; path = AddMemo.swift; sourceTree = "<group>"; };
		614B8EA524E6487B00047EBF /* EditMemo.swift */ = {isa = PBXFileReference; lastKnownFileType = sourcecode.swift; path = EditMemo.swift; sourceTree = "<group>"; };
		614B8EA724E6488500047EBF /* DisplayMemo.swift */ = {isa = PBXFileReference; lastKnownFileType = sourcecode.swift; path = DisplayMemo.swift; sourceTree = "<group>"; };
		614B8EA924E6BF8A00047EBF /* CustomCell.swift */ = {isa = PBXFileReference; lastKnownFileType = sourcecode.swift; path = CustomCell.swift; sourceTree = "<group>"; };
		614B8EAA24E6BF8A00047EBF /* CustomCell.xib */ = {isa = PBXFileReference; lastKnownFileType = file.xib; path = CustomCell.xib; sourceTree = "<group>"; };
		A519B25B69857769E1FAA59A /* Pods-ReadbleCodeSample1.release.xcconfig */ = {isa = PBXFileReference; includeInIndex = 1; lastKnownFileType = text.xcconfig; name = "Pods-ReadbleCodeSample1.release.xcconfig"; path = "Target Support Files/Pods-ReadbleCodeSample1/Pods-ReadbleCodeSample1.release.xcconfig"; sourceTree = "<group>"; };
/* End PBXFileReference section */

/* Begin PBXFrameworksBuildPhase section */
		614B8E8924E6424400047EBF /* Frameworks */ = {
			isa = PBXFrameworksBuildPhase;
			buildActionMask = 2147483647;
			files = (
				537DDAD8DB27D426C87F44D7 /* Pods_ReadbleCodeSample1.framework in Frameworks */,
			);
			runOnlyForDeploymentPostprocessing = 0;
		};
/* End PBXFrameworksBuildPhase section */

/* Begin PBXGroup section */
		614B8E8324E6424400047EBF = {
			isa = PBXGroup;
			children = (
				614B8E8E24E6424400047EBF /* ReadbleCodeSample1 */,
				614B8E8D24E6424400047EBF /* Products */,
				C85FC9870292F6E7DBD9BF1B /* Pods */,
				CCF40C6CB2516B89BFCB6DEB /* Frameworks */,
			);
			sourceTree = "<group>";
		};
		614B8E8D24E6424400047EBF /* Products */ = {
			isa = PBXGroup;
			children = (
				614B8E8C24E6424400047EBF /* ReadbleCodeSample1.app */,
			);
			name = Products;
			sourceTree = "<group>";
		};
		614B8E8E24E6424400047EBF /* ReadbleCodeSample1 */ = {
			isa = PBXGroup;
			children = (
				614B8E8F24E6424400047EBF /* AppDelegate.swift */,
				614B8E9124E6424400047EBF /* SceneDelegate.swift */,
				614B8E9324E6424400047EBF /* ViewController.swift */,
				614B8EA324E6486F00047EBF /* AddMemo.swift */,
				614B8EA924E6BF8A00047EBF /* CustomCell.swift */,
				614B8EAA24E6BF8A00047EBF /* CustomCell.xib */,
				614B8EA524E6487B00047EBF /* EditMemo.swift */,
				614B8EA724E6488500047EBF /* DisplayMemo.swift */,
				614B8E9524E6424400047EBF /* Main.storyboard */,
				614B8E9824E6424400047EBF /* Assets.xcassets */,
				614B8E9A24E6424400047EBF /* LaunchScreen.storyboard */,
				614B8E9D24E6424400047EBF /* Info.plist */,
			);
			path = ReadbleCodeSample1;
			sourceTree = "<group>";
		};
		C85FC9870292F6E7DBD9BF1B /* Pods */ = {
			isa = PBXGroup;
			children = (
				5EF79BB4EC2430CF9533C7F9 /* Pods-ReadbleCodeSample1.debug.xcconfig */,
				A519B25B69857769E1FAA59A /* Pods-ReadbleCodeSample1.release.xcconfig */,
			);
			name = Pods;
			path = Pods;
			sourceTree = "<group>";
		};
		CCF40C6CB2516B89BFCB6DEB /* Frameworks */ = {
			isa = PBXGroup;
			children = (
				21CC29707497DF045F9970EA /* Pods_ReadbleCodeSample1.framework */,
			);
			name = Frameworks;
			sourceTree = "<group>";
		};
/* End PBXGroup section */

/* Begin PBXNativeTarget section */
		614B8E8B24E6424400047EBF /* ReadbleCodeSample1 */ = {
			isa = PBXNativeTarget;
			buildConfigurationList = 614B8EA024E6424400047EBF /* Build configuration list for PBXNativeTarget "ReadbleCodeSample1" */;
			buildPhases = (
				9366051FDE0C4C7751B0315D /* [CP] Check Pods Manifest.lock */,
				614B8E8824E6424400047EBF /* Sources */,
				614B8E8924E6424400047EBF /* Frameworks */,
				614B8E8A24E6424400047EBF /* Resources */,
				FCFB9CA505C985ED0C432DEC /* [CP] Embed Pods Frameworks */,
			);
			buildRules = (
			);
			dependencies = (
			);
			name = ReadbleCodeSample1;
			productName = ReadbleCodeSample1;
			productReference = 614B8E8C24E6424400047EBF /* ReadbleCodeSample1.app */;
			productType = "com.apple.product-type.application";
		};
/* End PBXNativeTarget section */

/* Begin PBXProject section */
		614B8E8424E6424400047EBF /* Project object */ = {
			isa = PBXProject;
			attributes = {
				LastSwiftUpdateCheck = 1150;
				LastUpgradeCheck = 1150;
				ORGANIZATIONNAME = Nekokichi;
				TargetAttributes = {
					614B8E8B24E6424400047EBF = {
						CreatedOnToolsVersion = 11.5;
					};
				};
			};
			buildConfigurationList = 614B8E8724E6424400047EBF /* Build configuration list for PBXProject "ReadbleCodeSample1" */;
			compatibilityVersion = "Xcode 9.3";
			developmentRegion = en;
			hasScannedForEncodings = 0;
			knownRegions = (
				en,
				Base,
			);
			mainGroup = 614B8E8324E6424400047EBF;
			productRefGroup = 614B8E8D24E6424400047EBF /* Products */;
			projectDirPath = "";
			projectRoot = "";
			targets = (
				614B8E8B24E6424400047EBF /* ReadbleCodeSample1 */,
			);
		};
/* End PBXProject section */

/* Begin PBXResourcesBuildPhase section */
		614B8E8A24E6424400047EBF /* Resources */ = {
			isa = PBXResourcesBuildPhase;
			buildActionMask = 2147483647;
			files = (
				614B8E9C24E6424400047EBF /* LaunchScreen.storyboard in Resources */,
				614B8E9924E6424400047EBF /* Assets.xcassets in Resources */,
				614B8EAC24E6BF8A00047EBF /* CustomCell.xib in Resources */,
				614B8E9724E6424400047EBF /* Main.storyboard in Resources */,
			);
			runOnlyForDeploymentPostprocessing = 0;
		};
/* End PBXResourcesBuildPhase section */

/* Begin PBXShellScriptBuildPhase section */
		9366051FDE0C4C7751B0315D /* [CP] Check Pods Manifest.lock */ = {
			isa = PBXShellScriptBuildPhase;
			buildActionMask = 2147483647;
			files = (
			);
			inputFileListPaths = (
			);
			inputPaths = (
				"${PODS_PODFILE_DIR_PATH}/Podfile.lock",
				"${PODS_ROOT}/Manifest.lock",
			);
			name = "[CP] Check Pods Manifest.lock";
			outputFileListPaths = (
			);
			outputPaths = (
				"$(DERIVED_FILE_DIR)/Pods-ReadbleCodeSample1-checkManifestLockResult.txt",
			);
			runOnlyForDeploymentPostprocessing = 0;
			shellPath = /bin/sh;
			shellScript = "diff \"${PODS_PODFILE_DIR_PATH}/Podfile.lock\" \"${PODS_ROOT}/Manifest.lock\" > /dev/null\nif [ $? != 0 ] ; then\n    # print error to STDERR\n    echo \"error: The sandbox is not in sync with the Podfile.lock. Run 'pod install' or update your CocoaPods installation.\" >&2\n    exit 1\nfi\n# This output is used by Xcode 'outputs' to avoid re-running this script phase.\necho \"SUCCESS\" > \"${SCRIPT_OUTPUT_FILE_0}\"\n";
			showEnvVarsInLog = 0;
		};
		FCFB9CA505C985ED0C432DEC /* [CP] Embed Pods Frameworks */ = {
			isa = PBXShellScriptBuildPhase;
			buildActionMask = 2147483647;
			files = (
			);
			inputFileListPaths = (
				"${PODS_ROOT}/Target Support Files/Pods-ReadbleCodeSample1/Pods-ReadbleCodeSample1-frameworks-${CONFIGURATION}-input-files.xcfilelist",
			);
			name = "[CP] Embed Pods Frameworks";
			outputFileListPaths = (
				"${PODS_ROOT}/Target Support Files/Pods-ReadbleCodeSample1/Pods-ReadbleCodeSample1-frameworks-${CONFIGURATION}-output-files.xcfilelist",
			);
			runOnlyForDeploymentPostprocessing = 0;
			shellPath = /bin/sh;
			shellScript = "\"${PODS_ROOT}/Target Support Files/Pods-ReadbleCodeSample1/Pods-ReadbleCodeSample1-frameworks.sh\"\n";
			showEnvVarsInLog = 0;
		};
/* End PBXShellScriptBuildPhase section */

/* Begin PBXSourcesBuildPhase section */
		614B8E8824E6424400047EBF /* Sources */ = {
			isa = PBXSourcesBuildPhase;
			buildActionMask = 2147483647;
			files = (
				614B8E9424E6424400047EBF /* ViewController.swift in Sources */,
				614B8E9024E6424400047EBF /* AppDelegate.swift in Sources */,
				614B8E9224E6424400047EBF /* SceneDelegate.swift in Sources */,
				614B8EA424E6486F00047EBF /* AddMemo.swift in Sources */,
				614B8EA824E6488500047EBF /* DisplayMemo.swift in Sources */,
				614B8EAB24E6BF8A00047EBF /* CustomCell.swift in Sources */,
				614B8EA624E6487B00047EBF /* EditMemo.swift in Sources */,
			);
			runOnlyForDeploymentPostprocessing = 0;
		};
/* End PBXSourcesBuildPhase section */

/* Begin PBXVariantGroup section */
		614B8E9524E6424400047EBF /* Main.storyboard */ = {
			isa = PBXVariantGroup;
			children = (
				614B8E9624E6424400047EBF /* Base */,
			);
			name = Main.storyboard;
			sourceTree = "<group>";
		};
		614B8E9A24E6424400047EBF /* LaunchScreen.storyboard */ = {
			isa = PBXVariantGroup;
			children = (
				614B8E9B24E6424400047EBF /* Base */,
			);
			name = LaunchScreen.storyboard;
			sourceTree = "<group>";
		};
/* End PBXVariantGroup section */

/* Begin XCBuildConfiguration section */
		614B8E9E24E6424400047EBF /* Debug */ = {
			isa = XCBuildConfiguration;
			buildSettings = {
				ALWAYS_SEARCH_USER_PATHS = NO;
				CLANG_ANALYZER_NONNULL = YES;
				CLANG_ANALYZER_NUMBER_OBJECT_CONVERSION = YES_AGGRESSIVE;
				CLANG_CXX_LANGUAGE_STANDARD = "gnu++14";
				CLANG_CXX_LIBRARY = "libc++";
				CLANG_ENABLE_MODULES = YES;
				CLANG_ENABLE_OBJC_ARC = YES;
				CLANG_ENABLE_OBJC_WEAK = YES;
				CLANG_WARN_BLOCK_CAPTURE_AUTORELEASING = YES;
				CLANG_WARN_BOOL_CONVERSION = YES;
				CLANG_WARN_COMMA = YES;
				CLANG_WARN_CONSTANT_CONVERSION = YES;
				CLANG_WARN_DEPRECATED_OBJC_IMPLEMENTATIONS = YES;
				CLANG_WARN_DIRECT_OBJC_ISA_USAGE = YES_ERROR;
				CLANG_WARN_DOCUMENTATION_COMMENTS = YES;
				CLANG_WARN_EMPTY_BODY = YES;
				CLANG_WARN_ENUM_CONVERSION = YES;
				CLANG_WARN_INFINITE_RECURSION = YES;
				CLANG_WARN_INT_CONVERSION = YES;
				CLANG_WARN_NON_LITERAL_NULL_CONVERSION = YES;
				CLANG_WARN_OBJC_IMPLICIT_RETAIN_SELF = YES;
				CLANG_WARN_OBJC_LITERAL_CONVERSION = YES;
				CLANG_WARN_OBJC_ROOT_CLASS = YES_ERROR;
				CLANG_WARN_RANGE_LOOP_ANALYSIS = YES;
				CLANG_WARN_STRICT_PROTOTYPES = YES;
				CLANG_WARN_SUSPICIOUS_MOVE = YES;
				CLANG_WARN_UNGUARDED_AVAILABILITY = YES_AGGRESSIVE;
				CLANG_WARN_UNREACHABLE_CODE = YES;
				CLANG_WARN__DUPLICATE_METHOD_MATCH = YES;
				COPY_PHASE_STRIP = NO;
				DEBUG_INFORMATION_FORMAT = dwarf;
				ENABLE_STRICT_OBJC_MSGSEND = YES;
				ENABLE_TESTABILITY = YES;
				GCC_C_LANGUAGE_STANDARD = gnu11;
				GCC_DYNAMIC_NO_PIC = NO;
				GCC_NO_COMMON_BLOCKS = YES;
				GCC_OPTIMIZATION_LEVEL = 0;
				GCC_PREPROCESSOR_DEFINITIONS = (
					"DEBUG=1",
					"$(inherited)",
				);
				GCC_WARN_64_TO_32_BIT_CONVERSION = YES;
				GCC_WARN_ABOUT_RETURN_TYPE = YES_ERROR;
				GCC_WARN_UNDECLARED_SELECTOR = YES;
				GCC_WARN_UNINITIALIZED_AUTOS = YES_AGGRESSIVE;
				GCC_WARN_UNUSED_FUNCTION = YES;
				GCC_WARN_UNUSED_VARIABLE = YES;
				IPHONEOS_DEPLOYMENT_TARGET = 13.5;
				MTL_ENABLE_DEBUG_INFO = INCLUDE_SOURCE;
				MTL_FAST_MATH = YES;
				ONLY_ACTIVE_ARCH = YES;
				SDKROOT = iphoneos;
				SWIFT_ACTIVE_COMPILATION_CONDITIONS = DEBUG;
				SWIFT_OPTIMIZATION_LEVEL = "-Onone";
			};
			name = Debug;
		};
		614B8E9F24E6424400047EBF /* Release */ = {
			isa = XCBuildConfiguration;
			buildSettings = {
				ALWAYS_SEARCH_USER_PATHS = NO;
				CLANG_ANALYZER_NONNULL = YES;
				CLANG_ANALYZER_NUMBER_OBJECT_CONVERSION = YES_AGGRESSIVE;
				CLANG_CXX_LANGUAGE_STANDARD = "gnu++14";
				CLANG_CXX_LIBRARY = "libc++";
				CLANG_ENABLE_MODULES = YES;
				CLANG_ENABLE_OBJC_ARC = YES;
				CLANG_ENABLE_OBJC_WEAK = YES;
				CLANG_WARN_BLOCK_CAPTURE_AUTORELEASING = YES;
				CLANG_WARN_BOOL_CONVERSION = YES;
				CLANG_WARN_COMMA = YES;
				CLANG_WARN_CONSTANT_CONVERSION = YES;
				CLANG_WARN_DEPRECATED_OBJC_IMPLEMENTATIONS = YES;
				CLANG_WARN_DIRECT_OBJC_ISA_USAGE = YES_ERROR;
				CLANG_WARN_DOCUMENTATION_COMMENTS = YES;
				CLANG_WARN_EMPTY_BODY = YES;
				CLANG_WARN_ENUM_CONVERSION = YES;
				CLANG_WARN_INFINITE_RECURSION = YES;
				CLANG_WARN_INT_CONVERSION = YES;
				CLANG_WARN_NON_LITERAL_NULL_CONVERSION = YES;
				CLANG_WARN_OBJC_IMPLICIT_RETAIN_SELF = YES;
				CLANG_WARN_OBJC_LITERAL_CONVERSION = YES;
				CLANG_WARN_OBJC_ROOT_CLASS = YES_ERROR;
				CLANG_WARN_RANGE_LOOP_ANALYSIS = YES;
				CLANG_WARN_STRICT_PROTOTYPES = YES;
				CLANG_WARN_SUSPICIOUS_MOVE = YES;
				CLANG_WARN_UNGUARDED_AVAILABILITY = YES_AGGRESSIVE;
				CLANG_WARN_UNREACHABLE_CODE = YES;
				CLANG_WARN__DUPLICATE_METHOD_MATCH = YES;
				COPY_PHASE_STRIP = NO;
				DEBUG_INFORMATION_FORMAT = "dwarf-with-dsym";
				ENABLE_NS_ASSERTIONS = NO;
				ENABLE_STRICT_OBJC_MSGSEND = YES;
				GCC_C_LANGUAGE_STANDARD = gnu11;
				GCC_NO_COMMON_BLOCKS = YES;
				GCC_WARN_64_TO_32_BIT_CONVERSION = YES;
				GCC_WARN_ABOUT_RETURN_TYPE = YES_ERROR;
				GCC_WARN_UNDECLARED_SELECTOR = YES;
				GCC_WARN_UNINITIALIZED_AUTOS = YES_AGGRESSIVE;
				GCC_WARN_UNUSED_FUNCTION = YES;
				GCC_WARN_UNUSED_VARIABLE = YES;
				IPHONEOS_DEPLOYMENT_TARGET = 13.5;
				MTL_ENABLE_DEBUG_INFO = NO;
				MTL_FAST_MATH = YES;
				SDKROOT = iphoneos;
				SWIFT_COMPILATION_MODE = wholemodule;
				SWIFT_OPTIMIZATION_LEVEL = "-O";
				VALIDATE_PRODUCT = YES;
			};
			name = Release;
		};
		614B8EA124E6424400047EBF /* Debug */ = {
			isa = XCBuildConfiguration;
			baseConfigurationReference = 5EF79BB4EC2430CF9533C7F9 /* Pods-ReadbleCodeSample1.debug.xcconfig */;
			buildSettings = {
				ASSETCATALOG_COMPILER_APPICON_NAME = AppIcon;
				CODE_SIGN_STYLE = Automatic;
				DEVELOPMENT_TEAM = B7VAC4V7M7;
				INFOPLIST_FILE = ReadbleCodeSample1/Info.plist;
				LD_RUNPATH_SEARCH_PATHS = (
					"$(inherited)",
					"@executable_path/Frameworks",
				);
				PRODUCT_BUNDLE_IDENTIFIER = "Nekokichi-Yos.ReadbleCodeSample1";
				PRODUCT_NAME = "$(TARGET_NAME)";
				SWIFT_VERSION = 5.0;
				TARGETED_DEVICE_FAMILY = "1,2";
			};
			name = Debug;
		};
		614B8EA224E6424400047EBF /* Release */ = {
			isa = XCBuildConfiguration;
			baseConfigurationReference = A519B25B69857769E1FAA59A /* Pods-ReadbleCodeSample1.release.xcconfig */;
			buildSettings = {
				ASSETCATALOG_COMPILER_APPICON_NAME = AppIcon;
				CODE_SIGN_STYLE = Automatic;
				DEVELOPMENT_TEAM = B7VAC4V7M7;
				INFOPLIST_FILE = ReadbleCodeSample1/Info.plist;
				LD_RUNPATH_SEARCH_PATHS = (
					"$(inherited)",
					"@executable_path/Frameworks",
				);
				PRODUCT_BUNDLE_IDENTIFIER = "Nekokichi-Yos.ReadbleCodeSample1";
				PRODUCT_NAME = "$(TARGET_NAME)";
				SWIFT_VERSION = 5.0;
				TARGETED_DEVICE_FAMILY = "1,2";
			};
			name = Release;
		};
/* End XCBuildConfiguration section */

/* Begin XCConfigurationList section */
		614B8E8724E6424400047EBF /* Build configuration list for PBXProject "ReadbleCodeSample1" */ = {
			isa = XCConfigurationList;
			buildConfigurations = (
				614B8E9E24E6424400047EBF /* Debug */,
				614B8E9F24E6424400047EBF /* Release */,
			);
			defaultConfigurationIsVisible = 0;
			defaultConfigurationName = Release;
		};
		614B8EA024E6424400047EBF /* Build configuration list for PBXNativeTarget "ReadbleCodeSample1" */ = {
			isa = XCConfigurationList;
			buildConfigurations = (
				614B8EA124E6424400047EBF /* Debug */,
				614B8EA224E6424400047EBF /* Release */,
			);
			defaultConfigurationIsVisible = 0;
			defaultConfigurationName = Release;
		};
/* End XCConfigurationList section */
	};
	rootObject = 614B8E8424E6424400047EBF /* Project object */;
}
